
Microsoft Visual Studio Solution File, Format Version 10.00
# Visual Studio 2008
Project("{8BC9CEB8-8B4A-11D0-8D11-00A0C91BC942}") = "Z3_2", "Z3_2\Z3_2.vcproj", "{B246212E-76A3-4406-86FF-B161ABD4ADF7}"
EndProject
Global
	GlobalSection(SolutionConfigurationPlatforms) = preSolution
		Debug|Win32 = Debug|Win32
		Release|Win32 = Release|Win32
	EndGlobalSection
	GlobalSection(ProjectConfigurationPlatforms) = postSolution
		{B246212E-76A3-4406-86FF-B161ABD4ADF7}.Debug|Win32.ActiveCfg = Debug|Win32
		{B246212E-76A3-4406-86FF-B161ABD4ADF7}.Debug|Win32.Build.0 = Debug|Win32
		{B246212E-76A3-4406-86FF-B161ABD4ADF7}.Release|Win32.ActiveCfg = Release|Win32
		{B246212E-76A3-4406-86FF-B161ABD4ADF7}.Release|Win32.Build.0 = Release|Win32
	EndGlobalSection
	GlobalSection(SolutionProperties) = preSolution
		HideSolutionNode = FALSE
	EndGlobalSection
EndGlobal
