
Microsoft Visual Studio Solution File, Format Version 10.00
# Visual Studio 2008
Project("{8BC9CEB8-8B4A-11D0-8D11-00A0C91BC942}") = "Z2_2", "Z2_2\Z2_2.vcproj", "{38F96E7B-5C36-4E8A-83EE-525EA0A5F710}"
EndProject
Global
	GlobalSection(SolutionConfigurationPlatforms) = preSolution
		Debug|Win32 = Debug|Win32
		Release|Win32 = Release|Win32
	EndGlobalSection
	GlobalSection(ProjectConfigurationPlatforms) = postSolution
		{38F96E7B-5C36-4E8A-83EE-525EA0A5F710}.Debug|Win32.ActiveCfg = Debug|Win32
		{38F96E7B-5C36-4E8A-83EE-525EA0A5F710}.Debug|Win32.Build.0 = Debug|Win32
		{38F96E7B-5C36-4E8A-83EE-525EA0A5F710}.Release|Win32.ActiveCfg = Release|Win32
		{38F96E7B-5C36-4E8A-83EE-525EA0A5F710}.Release|Win32.Build.0 = Release|Win32
	EndGlobalSection
	GlobalSection(SolutionProperties) = preSolution
		HideSolutionNode = FALSE
	EndGlobalSection
EndGlobal
