
Microsoft Visual Studio Solution File, Format Version 10.00
# Visual Studio 2008
Project("{8BC9CEB8-8B4A-11D0-8D11-00A0C91BC942}") = "Z3_1", "Z3_1\Z3_1.vcproj", "{6C59F028-1A0F-46D7-8902-08B19EDF62FE}"
EndProject
Global
	GlobalSection(SolutionConfigurationPlatforms) = preSolution
		Debug|Win32 = Debug|Win32
		Release|Win32 = Release|Win32
	EndGlobalSection
	GlobalSection(ProjectConfigurationPlatforms) = postSolution
		{6C59F028-1A0F-46D7-8902-08B19EDF62FE}.Debug|Win32.ActiveCfg = Debug|Win32
		{6C59F028-1A0F-46D7-8902-08B19EDF62FE}.Debug|Win32.Build.0 = Debug|Win32
		{6C59F028-1A0F-46D7-8902-08B19EDF62FE}.Release|Win32.ActiveCfg = Release|Win32
		{6C59F028-1A0F-46D7-8902-08B19EDF62FE}.Release|Win32.Build.0 = Release|Win32
	EndGlobalSection
	GlobalSection(SolutionProperties) = preSolution
		HideSolutionNode = FALSE
	EndGlobalSection
EndGlobal
