
Microsoft Visual Studio Solution File, Format Version 10.00
# Visual Studio 2008
Project("{8BC9CEB8-8B4A-11D0-8D11-00A0C91BC942}") = "LB_10_2", "LB_10_2\LB_10_2.vcproj", "{167FCF26-4778-4AAE-B5D9-AF139A296E47}"
EndProject
Global
	GlobalSection(SolutionConfigurationPlatforms) = preSolution
		Debug|Win32 = Debug|Win32
		Release|Win32 = Release|Win32
	EndGlobalSection
	GlobalSection(ProjectConfigurationPlatforms) = postSolution
		{167FCF26-4778-4AAE-B5D9-AF139A296E47}.Debug|Win32.ActiveCfg = Debug|Win32
		{167FCF26-4778-4AAE-B5D9-AF139A296E47}.Debug|Win32.Build.0 = Debug|Win32
		{167FCF26-4778-4AAE-B5D9-AF139A296E47}.Release|Win32.ActiveCfg = Release|Win32
		{167FCF26-4778-4AAE-B5D9-AF139A296E47}.Release|Win32.Build.0 = Release|Win32
	EndGlobalSection
	GlobalSection(SolutionProperties) = preSolution
		HideSolutionNode = FALSE
	EndGlobalSection
EndGlobal
