
Microsoft Visual Studio Solution File, Format Version 10.00
# Visual Studio 2008
Project("{8BC9CEB8-8B4A-11D0-8D11-00A0C91BC942}") = "Z1_3", "Z1_3.vcproj", "{1C5A3106-C597-4295-8E38-4BF38E1DB022}"
EndProject
Global
	GlobalSection(SolutionConfigurationPlatforms) = preSolution
		Debug|Win32 = Debug|Win32
		Release|Win32 = Release|Win32
	EndGlobalSection
	GlobalSection(ProjectConfigurationPlatforms) = postSolution
		{1C5A3106-C597-4295-8E38-4BF38E1DB022}.Debug|Win32.ActiveCfg = Debug|Win32
		{1C5A3106-C597-4295-8E38-4BF38E1DB022}.Debug|Win32.Build.0 = Debug|Win32
		{1C5A3106-C597-4295-8E38-4BF38E1DB022}.Release|Win32.ActiveCfg = Release|Win32
		{1C5A3106-C597-4295-8E38-4BF38E1DB022}.Release|Win32.Build.0 = Release|Win32
	EndGlobalSection
	GlobalSection(SolutionProperties) = preSolution
		HideSolutionNode = FALSE
	EndGlobalSection
EndGlobal
