
Microsoft Visual Studio Solution File, Format Version 10.00
# Visual Studio 2008
Project("{8BC9CEB8-8B4A-11D0-8D11-00A0C91BC942}") = "LB_14", "LB_14\LB_14.vcproj", "{983B71C3-579F-4638-8C97-0E345D80C620}"
EndProject
Global
	GlobalSection(SolutionConfigurationPlatforms) = preSolution
		Debug|Win32 = Debug|Win32
		Release|Win32 = Release|Win32
	EndGlobalSection
	GlobalSection(ProjectConfigurationPlatforms) = postSolution
		{983B71C3-579F-4638-8C97-0E345D80C620}.Debug|Win32.ActiveCfg = Debug|Win32
		{983B71C3-579F-4638-8C97-0E345D80C620}.Debug|Win32.Build.0 = Debug|Win32
		{983B71C3-579F-4638-8C97-0E345D80C620}.Release|Win32.ActiveCfg = Release|Win32
		{983B71C3-579F-4638-8C97-0E345D80C620}.Release|Win32.Build.0 = Release|Win32
	EndGlobalSection
	GlobalSection(SolutionProperties) = preSolution
		HideSolutionNode = FALSE
	EndGlobalSection
EndGlobal
