
Microsoft Visual Studio Solution File, Format Version 10.00
# Visual Studio 2008
Project("{8BC9CEB8-8B4A-11D0-8D11-00A0C91BC942}") = "Pascal2_2", "Pascal2_2.vcproj", "{7A6EE43A-EC20-42BB-996F-E4AADE97125A}"
EndProject
Global
	GlobalSection(SolutionConfigurationPlatforms) = preSolution
		Debug|Win32 = Debug|Win32
		Release|Win32 = Release|Win32
	EndGlobalSection
	GlobalSection(ProjectConfigurationPlatforms) = postSolution
		{7A6EE43A-EC20-42BB-996F-E4AADE97125A}.Debug|Win32.ActiveCfg = Debug|Win32
		{7A6EE43A-EC20-42BB-996F-E4AADE97125A}.Debug|Win32.Build.0 = Debug|Win32
		{7A6EE43A-EC20-42BB-996F-E4AADE97125A}.Release|Win32.ActiveCfg = Release|Win32
		{7A6EE43A-EC20-42BB-996F-E4AADE97125A}.Release|Win32.Build.0 = Release|Win32
	EndGlobalSection
	GlobalSection(SolutionProperties) = preSolution
		HideSolutionNode = FALSE
	EndGlobalSection
EndGlobal
